
Microsoft Visual Studio Solution File, Format Version 12.00
# Visual Studio Version 16
VisualStudioVersion = 16.0.31205.134
MinimumVisualStudioVersion = 10.0.40219.1
Project("{FAE04EC0-301F-11D3-BF4B-00C04F79EFBC}") = "ApplicationPartManagerPostConfigure", "ApplicationPartManagerPostConfigure\ApplicationPartManagerPostConfigure.csproj", "{A2B18A24-852E-4700-A875-B5002935E095}"
EndProject
Global
	GlobalSection(SolutionConfigurationPlatforms) = preSolution
		Debug|Any CPU = Debug|Any CPU
		Release|Any CPU = Release|Any CPU
	EndGlobalSection
	GlobalSection(ProjectConfigurationPlatforms) = postSolution
		{A2B18A24-852E-4700-A875-B5002935E095}.Debug|Any CPU.ActiveCfg = Debug|Any CPU
		{A2B18A24-852E-4700-A875-B5002935E095}.Debug|Any CPU.Build.0 = Debug|Any CPU
		{A2B18A24-852E-4700-A875-B5002935E095}.Release|Any CPU.ActiveCfg = Release|Any CPU
		{A2B18A24-852E-4700-A875-B5002935E095}.Release|Any CPU.Build.0 = Release|Any CPU
	EndGlobalSection
	GlobalSection(SolutionProperties) = preSolution
		HideSolutionNode = FALSE
	EndGlobalSection
	GlobalSection(ExtensibilityGlobals) = postSolution
		SolutionGuid = {85FB8B69-2D0E-49E4-9D21-ED456763C3B6}
	EndGlobalSection
EndGlobal
